
Microsoft Visual Studio Solution File, Format Version 12.00
# Visual Studio Version 17
VisualStudioVersion = 17.4.33403.182
MinimumVisualStudioVersion = 10.0.40219.1
Project("{FAE04EC0-301F-11D3-BF4B-00C04F79EFBC}") = "Algorithm786", "Algorithm786\Algorithm786.csproj", "{E0758D6C-34F5-444B-86D2-26428B64D809}"
EndProject
Global
	GlobalSection(SolutionConfigurationPlatforms) = preSolution
		Debug|Any CPU = Debug|Any CPU
		Release|Any CPU = Release|Any CPU
	EndGlobalSection
	GlobalSection(ProjectConfigurationPlatforms) = postSolution
		{E0758D6C-34F5-444B-86D2-26428B64D809}.Debug|Any CPU.ActiveCfg = Debug|Any CPU
		{E0758D6C-34F5-444B-86D2-26428B64D809}.Debug|Any CPU.Build.0 = Debug|Any CPU
		{E0758D6C-34F5-444B-86D2-26428B64D809}.Release|Any CPU.ActiveCfg = Release|Any CPU
		{E0758D6C-34F5-444B-86D2-26428B64D809}.Release|Any CPU.Build.0 = Release|Any CPU
	EndGlobalSection
	GlobalSection(SolutionProperties) = preSolution
		HideSolutionNode = FALSE
	EndGlobalSection
	GlobalSection(ExtensibilityGlobals) = postSolution
		SolutionGuid = {DD2EE68E-4881-40C7-A083-F9C172DF6980}
	EndGlobalSection
EndGlobal
